
Microsoft Visual Studio Solution File, Format Version 12.00
# Visual Studio 15
VisualStudioVersion = 15.0.27703.2047
MinimumVisualStudioVersion = 10.0.40219.1
Project("{FAE04EC0-301F-11D3-BF4B-00C04F79EFBC}") = "KamooniHost.Android", "KamooniHost\KamooniHost.Android\KamooniHost.Android.csproj", "{9C941A6F-AC39-4523-9E27-38C8004ACFDC}"
EndProject
Project("{FAE04EC0-301F-11D3-BF4B-00C04F79EFBC}") = "KamooniHost.iOS", "KamooniHost\KamooniHost.iOS\KamooniHost.iOS.csproj", "{4A6A86EE-0F7E-47D9-A684-71EE3DC12C58}"
EndProject
Project("{9A19103F-16F7-4668-BE54-9A1E7A4F7556}") = "KamooniHost", "KamooniHost\KamooniHost\KamooniHost.csproj", "{F6C33008-0590-4E9C-89AE-1F2F8A352382}"
EndProject
Global
	GlobalSection(SolutionConfigurationPlatforms) = preSolution
		Debug|Any CPU = Debug|Any CPU
		Debug|ARM = Debug|ARM
		Debug|iPhone = Debug|iPhone
		Debug|iPhoneSimulator = Debug|iPhoneSimulator
		Debug|x64 = Debug|x64
		Debug|x86 = Debug|x86
		Release|Any CPU = Release|Any CPU
		Release|ARM = Release|ARM
		Release|iPhone = Release|iPhone
		Release|iPhoneSimulator = Release|iPhoneSimulator
		Release|x64 = Release|x64
		Release|x86 = Release|x86
	EndGlobalSection
	GlobalSection(ProjectConfigurationPlatforms) = postSolution
		{9C941A6F-AC39-4523-9E27-38C8004ACFDC}.Debug|Any CPU.ActiveCfg = Debug|Any CPU
		{9C941A6F-AC39-4523-9E27-38C8004ACFDC}.Debug|Any CPU.Build.0 = Debug|Any CPU
		{9C941A6F-AC39-4523-9E27-38C8004ACFDC}.Debug|Any CPU.Deploy.0 = Debug|Any CPU
		{9C941A6F-AC39-4523-9E27-38C8004ACFDC}.Debug|ARM.ActiveCfg = Debug|Any CPU
		{9C941A6F-AC39-4523-9E27-38C8004ACFDC}.Debug|ARM.Build.0 = Debug|Any CPU
		{9C941A6F-AC39-4523-9E27-38C8004ACFDC}.Debug|ARM.Deploy.0 = Debug|Any CPU
		{9C941A6F-AC39-4523-9E27-38C8004ACFDC}.Debug|iPhone.ActiveCfg = Debug|Any CPU
		{9C941A6F-AC39-4523-9E27-38C8004ACFDC}.Debug|iPhone.Build.0 = Debug|Any CPU
		{9C941A6F-AC39-4523-9E27-38C8004ACFDC}.Debug|iPhone.Deploy.0 = Debug|Any CPU
		{9C941A6F-AC39-4523-9E27-38C8004ACFDC}.Debug|iPhoneSimulator.ActiveCfg = Debug|Any CPU
		{9C941A6F-AC39-4523-9E27-38C8004ACFDC}.Debug|iPhoneSimulator.Build.0 = Debug|Any CPU
		{9C941A6F-AC39-4523-9E27-38C8004ACFDC}.Debug|iPhoneSimulator.Deploy.0 = Debug|Any CPU
		{9C941A6F-AC39-4523-9E27-38C8004ACFDC}.Debug|x64.ActiveCfg = Debug|Any CPU
		{9C941A6F-AC39-4523-9E27-38C8004ACFDC}.Debug|x64.Build.0 = Debug|Any CPU
		{9C941A6F-AC39-4523-9E27-38C8004ACFDC}.Debug|x64.Deploy.0 = Debug|Any CPU
		{9C941A6F-AC39-4523-9E27-38C8004ACFDC}.Debug|x86.ActiveCfg = Debug|Any CPU
		{9C941A6F-AC39-4523-9E27-38C8004ACFDC}.Debug|x86.Build.0 = Debug|Any CPU
		{9C941A6F-AC39-4523-9E27-38C8004ACFDC}.Debug|x86.Deploy.0 = Debug|Any CPU
		{9C941A6F-AC39-4523-9E27-38C8004ACFDC}.Release|Any CPU.ActiveCfg = Release|Any CPU
		{9C941A6F-AC39-4523-9E27-38C8004ACFDC}.Release|Any CPU.Build.0 = Release|Any CPU
		{9C941A6F-AC39-4523-9E27-38C8004ACFDC}.Release|Any CPU.Deploy.0 = Release|Any CPU
		{9C941A6F-AC39-4523-9E27-38C8004ACFDC}.Release|ARM.ActiveCfg = Release|Any CPU
		{9C941A6F-AC39-4523-9E27-38C8004ACFDC}.Release|ARM.Build.0 = Release|Any CPU
		{9C941A6F-AC39-4523-9E27-38C8004ACFDC}.Release|ARM.Deploy.0 = Release|Any CPU
		{9C941A6F-AC39-4523-9E27-38C8004ACFDC}.Release|iPhone.ActiveCfg = Release|Any CPU
		{9C941A6F-AC39-4523-9E27-38C8004ACFDC}.Release|iPhone.Build.0 = Release|Any CPU
		{9C941A6F-AC39-4523-9E27-38C8004ACFDC}.Release|iPhone.Deploy.0 = Release|Any CPU
		{9C941A6F-AC39-4523-9E27-38C8004ACFDC}.Release|iPhoneSimulator.ActiveCfg = Release|Any CPU
		{9C941A6F-AC39-4523-9E27-38C8004ACFDC}.Release|iPhoneSimulator.Build.0 = Release|Any CPU
		{9C941A6F-AC39-4523-9E27-38C8004ACFDC}.Release|iPhoneSimulator.Deploy.0 = Release|Any CPU
		{9C941A6F-AC39-4523-9E27-38C8004ACFDC}.Release|x64.ActiveCfg = Release|Any CPU
		{9C941A6F-AC39-4523-9E27-38C8004ACFDC}.Release|x64.Build.0 = Release|Any CPU
		{9C941A6F-AC39-4523-9E27-38C8004ACFDC}.Release|x64.Deploy.0 = Release|Any CPU
		{9C941A6F-AC39-4523-9E27-38C8004ACFDC}.Release|x86.ActiveCfg = Release|Any CPU
		{9C941A6F-AC39-4523-9E27-38C8004ACFDC}.Release|x86.Build.0 = Release|Any CPU
		{9C941A6F-AC39-4523-9E27-38C8004ACFDC}.Release|x86.Deploy.0 = Release|Any CPU
		{4A6A86EE-0F7E-47D9-A684-71EE3DC12C58}.Debug|Any CPU.ActiveCfg = Debug|iPhoneSimulator
		{4A6A86EE-0F7E-47D9-A684-71EE3DC12C58}.Debug|Any CPU.Build.0 = Debug|iPhoneSimulator
		{4A6A86EE-0F7E-47D9-A684-71EE3DC12C58}.Debug|Any CPU.Deploy.0 = Debug|iPhoneSimulator
		{4A6A86EE-0F7E-47D9-A684-71EE3DC12C58}.Debug|ARM.ActiveCfg = Debug|iPhone
		{4A6A86EE-0F7E-47D9-A684-71EE3DC12C58}.Debug|ARM.Build.0 = Debug|iPhone
		{4A6A86EE-0F7E-47D9-A684-71EE3DC12C58}.Debug|ARM.Deploy.0 = Debug|iPhone
		{4A6A86EE-0F7E-47D9-A684-71EE3DC12C58}.Debug|iPhone.ActiveCfg = Debug|iPhone
		{4A6A86EE-0F7E-47D9-A684-71EE3DC12C58}.Debug|iPhone.Build.0 = Debug|iPhone
		{4A6A86EE-0F7E-47D9-A684-71EE3DC12C58}.Debug|iPhone.Deploy.0 = Debug|iPhone
		{4A6A86EE-0F7E-47D9-A684-71EE3DC12C58}.Debug|iPhoneSimulator.ActiveCfg = Debug|iPhoneSimulator
		{4A6A86EE-0F7E-47D9-A684-71EE3DC12C58}.Debug|iPhoneSimulator.Build.0 = Debug|iPhoneSimulator
		{4A6A86EE-0F7E-47D9-A684-71EE3DC12C58}.Debug|iPhoneSimulator.Deploy.0 = Debug|iPhoneSimulator
		{4A6A86EE-0F7E-47D9-A684-71EE3DC12C58}.Debug|x64.ActiveCfg = Debug|iPhone
		{4A6A86EE-0F7E-47D9-A684-71EE3DC12C58}.Debug|x64.Build.0 = Debug|iPhone
		{4A6A86EE-0F7E-47D9-A684-71EE3DC12C58}.Debug|x64.Deploy.0 = Debug|iPhone
		{4A6A86EE-0F7E-47D9-A684-71EE3DC12C58}.Debug|x86.ActiveCfg = Debug|iPhone
		{4A6A86EE-0F7E-47D9-A684-71EE3DC12C58}.Debug|x86.Build.0 = Debug|iPhone
		{4A6A86EE-0F7E-47D9-A684-71EE3DC12C58}.Debug|x86.Deploy.0 = Debug|iPhone
		{4A6A86EE-0F7E-47D9-A684-71EE3DC12C58}.Release|Any CPU.ActiveCfg = Release|iPhone
		{4A6A86EE-0F7E-47D9-A684-71EE3DC12C58}.Release|Any CPU.Build.0 = Release|iPhone
		{4A6A86EE-0F7E-47D9-A684-71EE3DC12C58}.Release|Any CPU.Deploy.0 = Release|iPhone
		{4A6A86EE-0F7E-47D9-A684-71EE3DC12C58}.Release|ARM.ActiveCfg = Release|iPhone
		{4A6A86EE-0F7E-47D9-A684-71EE3DC12C58}.Release|ARM.Build.0 = Release|iPhone
		{4A6A86EE-0F7E-47D9-A684-71EE3DC12C58}.Release|ARM.Deploy.0 = Release|iPhone
		{4A6A86EE-0F7E-47D9-A684-71EE3DC12C58}.Release|iPhone.ActiveCfg = Release|iPhone
		{4A6A86EE-0F7E-47D9-A684-71EE3DC12C58}.Release|iPhone.Build.0 = Release|iPhone
		{4A6A86EE-0F7E-47D9-A684-71EE3DC12C58}.Release|iPhone.Deploy.0 = Release|iPhone
		{4A6A86EE-0F7E-47D9-A684-71EE3DC12C58}.Release|iPhoneSimulator.ActiveCfg = Release|iPhoneSimulator
		{4A6A86EE-0F7E-47D9-A684-71EE3DC12C58}.Release|iPhoneSimulator.Build.0 = Release|iPhoneSimulator
		{4A6A86EE-0F7E-47D9-A684-71EE3DC12C58}.Release|iPhoneSimulator.Deploy.0 = Release|iPhoneSimulator
		{4A6A86EE-0F7E-47D9-A684-71EE3DC12C58}.Release|x64.ActiveCfg = Release|iPhone
		{4A6A86EE-0F7E-47D9-A684-71EE3DC12C58}.Release|x64.Build.0 = Release|iPhone
		{4A6A86EE-0F7E-47D9-A684-71EE3DC12C58}.Release|x64.Deploy.0 = Release|iPhone
		{4A6A86EE-0F7E-47D9-A684-71EE3DC12C58}.Release|x86.ActiveCfg = Release|iPhone
		{4A6A86EE-0F7E-47D9-A684-71EE3DC12C58}.Release|x86.Build.0 = Release|iPhone
		{4A6A86EE-0F7E-47D9-A684-71EE3DC12C58}.Release|x86.Deploy.0 = Release|iPhone
		{F6C33008-0590-4E9C-89AE-1F2F8A352382}.Debug|Any CPU.ActiveCfg = Debug|Any CPU
		{F6C33008-0590-4E9C-89AE-1F2F8A352382}.Debug|Any CPU.Build.0 = Debug|Any CPU
		{F6C33008-0590-4E9C-89AE-1F2F8A352382}.Debug|Any CPU.Deploy.0 = Debug|Any CPU
		{F6C33008-0590-4E9C-89AE-1F2F8A352382}.Debug|ARM.ActiveCfg = Debug|Any CPU
		{F6C33008-0590-4E9C-89AE-1F2F8A352382}.Debug|ARM.Build.0 = Debug|Any CPU
		{F6C33008-0590-4E9C-89AE-1F2F8A352382}.Debug|ARM.Deploy.0 = Debug|Any CPU
		{F6C33008-0590-4E9C-89AE-1F2F8A352382}.Debug|iPhone.ActiveCfg = Debug|Any CPU
		{F6C33008-0590-4E9C-89AE-1F2F8A352382}.Debug|iPhone.Build.0 = Debug|Any CPU
		{F6C33008-0590-4E9C-89AE-1F2F8A352382}.Debug|iPhone.Deploy.0 = Debug|Any CPU
		{F6C33008-0590-4E9C-89AE-1F2F8A352382}.Debug|iPhoneSimulator.ActiveCfg = Debug|Any CPU
		{F6C33008-0590-4E9C-89AE-1F2F8A352382}.Debug|iPhoneSimulator.Build.0 = Debug|Any CPU
		{F6C33008-0590-4E9C-89AE-1F2F8A352382}.Debug|iPhoneSimulator.Deploy.0 = Debug|Any CPU
		{F6C33008-0590-4E9C-89AE-1F2F8A352382}.Debug|x64.ActiveCfg = Debug|Any CPU
		{F6C33008-0590-4E9C-89AE-1F2F8A352382}.Debug|x64.Build.0 = Debug|Any CPU
		{F6C33008-0590-4E9C-89AE-1F2F8A352382}.Debug|x64.Deploy.0 = Debug|Any CPU
		{F6C33008-0590-4E9C-89AE-1F2F8A352382}.Debug|x86.ActiveCfg = Debug|Any CPU
		{F6C33008-0590-4E9C-89AE-1F2F8A352382}.Debug|x86.Build.0 = Debug|Any CPU
		{F6C33008-0590-4E9C-89AE-1F2F8A352382}.Debug|x86.Deploy.0 = Debug|Any CPU
		{F6C33008-0590-4E9C-89AE-1F2F8A352382}.Release|Any CPU.ActiveCfg = Release|Any CPU
		{F6C33008-0590-4E9C-89AE-1F2F8A352382}.Release|Any CPU.Build.0 = Release|Any CPU
		{F6C33008-0590-4E9C-89AE-1F2F8A352382}.Release|Any CPU.Deploy.0 = Release|Any CPU
		{F6C33008-0590-4E9C-89AE-1F2F8A352382}.Release|ARM.ActiveCfg = Release|Any CPU
		{F6C33008-0590-4E9C-89AE-1F2F8A352382}.Release|ARM.Build.0 = Release|Any CPU
		{F6C33008-0590-4E9C-89AE-1F2F8A352382}.Release|ARM.Deploy.0 = Release|Any CPU
		{F6C33008-0590-4E9C-89AE-1F2F8A352382}.Release|iPhone.ActiveCfg = Release|Any CPU
		{F6C33008-0590-4E9C-89AE-1F2F8A352382}.Release|iPhone.Build.0 = Release|Any CPU
		{F6C33008-0590-4E9C-89AE-1F2F8A352382}.Release|iPhone.Deploy.0 = Release|Any CPU
		{F6C33008-0590-4E9C-89AE-1F2F8A352382}.Release|iPhoneSimulator.ActiveCfg = Release|Any CPU
		{F6C33008-0590-4E9C-89AE-1F2F8A352382}.Release|iPhoneSimulator.Build.0 = Release|Any CPU
		{F6C33008-0590-4E9C-89AE-1F2F8A352382}.Release|iPhoneSimulator.Deploy.0 = Release|Any CPU
		{F6C33008-0590-4E9C-89AE-1F2F8A352382}.Release|x64.ActiveCfg = Release|Any CPU
		{F6C33008-0590-4E9C-89AE-1F2F8A352382}.Release|x64.Build.0 = Release|Any CPU
		{F6C33008-0590-4E9C-89AE-1F2F8A352382}.Release|x64.Deploy.0 = Release|Any CPU
		{F6C33008-0590-4E9C-89AE-1F2F8A352382}.Release|x86.ActiveCfg = Release|Any CPU
		{F6C33008-0590-4E9C-89AE-1F2F8A352382}.Release|x86.Build.0 = Release|Any CPU
		{F6C33008-0590-4E9C-89AE-1F2F8A352382}.Release|x86.Deploy.0 = Release|Any CPU
	EndGlobalSection
	GlobalSection(SolutionProperties) = preSolution
		HideSolutionNode = FALSE
	EndGlobalSection
	GlobalSection(ExtensibilityGlobals) = postSolution
		SolutionGuid = {A4C96691-D048-4F3C-AF73-A52B51E5C981}
	EndGlobalSection
EndGlobal
