
Microsoft Visual Studio Solution File, Format Version 12.00
# Visual Studio 15
VisualStudioVersion = 15.0.27703.2042
MinimumVisualStudioVersion = 10.0.40219.1
Project("{FAE04EC0-301F-11D3-BF4B-00C04F79EFBC}") = "TravellerApp.Android", "TravellerApp\TravellerApp.Android\TravellerApp.Android.csproj", "{16F3C593-0F33-458E-802B-6E0A47123C30}"
EndProject
Project("{9A19103F-16F7-4668-BE54-9A1E7A4F7556}") = "TravellerApp", "TravellerApp\TravellerApp\TravellerApp.csproj", "{7A5771A6-11A6-4989-99CA-C94B1F34477B}"
EndProject
Project("{FAE04EC0-301F-11D3-BF4B-00C04F79EFBC}") = "AndroidOppwaMobile", "AndroidOppwaMobile\AndroidOppwaMobile.csproj", "{169FAC4E-972F-4284-981C-A6A7D96A8E86}"
EndProject
Project("{FAE04EC0-301F-11D3-BF4B-00C04F79EFBC}") = "AndroidOppwaMobileAlipay", "AndroidOppwaMobileAlipay\AndroidOppwaMobileAlipay.csproj", "{5A2BEB9C-8E11-4B42-8932-58E978ED50E8}"
EndProject
Project("{FAE04EC0-301F-11D3-BF4B-00C04F79EFBC}") = "TravellerApp.iOS", "TravellerApp\TravellerApp.iOS\TravellerApp.iOS.csproj", "{725F07CB-F77E-40AE-B05A-C883EE4FC756}"
EndProject
Global
	GlobalSection(SolutionConfigurationPlatforms) = preSolution
		Ad-Hoc|Any CPU = Ad-Hoc|Any CPU
		Ad-Hoc|ARM = Ad-Hoc|ARM
		Ad-Hoc|iPhone = Ad-Hoc|iPhone
		Ad-Hoc|iPhoneSimulator = Ad-Hoc|iPhoneSimulator
		Ad-Hoc|x64 = Ad-Hoc|x64
		Ad-Hoc|x86 = Ad-Hoc|x86
		AppStore|Any CPU = AppStore|Any CPU
		AppStore|ARM = AppStore|ARM
		AppStore|iPhone = AppStore|iPhone
		AppStore|iPhoneSimulator = AppStore|iPhoneSimulator
		AppStore|x64 = AppStore|x64
		AppStore|x86 = AppStore|x86
		Debug|Any CPU = Debug|Any CPU
		Debug|ARM = Debug|ARM
		Debug|iPhone = Debug|iPhone
		Debug|iPhoneSimulator = Debug|iPhoneSimulator
		Debug|x64 = Debug|x64
		Debug|x86 = Debug|x86
		Release|Any CPU = Release|Any CPU
		Release|ARM = Release|ARM
		Release|iPhone = Release|iPhone
		Release|iPhoneSimulator = Release|iPhoneSimulator
		Release|x64 = Release|x64
		Release|x86 = Release|x86
	EndGlobalSection
	GlobalSection(ProjectConfigurationPlatforms) = postSolution
		{16F3C593-0F33-458E-802B-6E0A47123C30}.Ad-Hoc|Any CPU.ActiveCfg = Release|Any CPU
		{16F3C593-0F33-458E-802B-6E0A47123C30}.Ad-Hoc|Any CPU.Build.0 = Release|Any CPU
		{16F3C593-0F33-458E-802B-6E0A47123C30}.Ad-Hoc|Any CPU.Deploy.0 = Release|Any CPU
		{16F3C593-0F33-458E-802B-6E0A47123C30}.Ad-Hoc|ARM.ActiveCfg = Release|Any CPU
		{16F3C593-0F33-458E-802B-6E0A47123C30}.Ad-Hoc|ARM.Build.0 = Release|Any CPU
		{16F3C593-0F33-458E-802B-6E0A47123C30}.Ad-Hoc|ARM.Deploy.0 = Release|Any CPU
		{16F3C593-0F33-458E-802B-6E0A47123C30}.Ad-Hoc|iPhone.ActiveCfg = Release|Any CPU
		{16F3C593-0F33-458E-802B-6E0A47123C30}.Ad-Hoc|iPhone.Build.0 = Release|Any CPU
		{16F3C593-0F33-458E-802B-6E0A47123C30}.Ad-Hoc|iPhone.Deploy.0 = Release|Any CPU
		{16F3C593-0F33-458E-802B-6E0A47123C30}.Ad-Hoc|iPhoneSimulator.ActiveCfg = Release|Any CPU
		{16F3C593-0F33-458E-802B-6E0A47123C30}.Ad-Hoc|iPhoneSimulator.Build.0 = Release|Any CPU
		{16F3C593-0F33-458E-802B-6E0A47123C30}.Ad-Hoc|iPhoneSimulator.Deploy.0 = Release|Any CPU
		{16F3C593-0F33-458E-802B-6E0A47123C30}.Ad-Hoc|x64.ActiveCfg = Release|Any CPU
		{16F3C593-0F33-458E-802B-6E0A47123C30}.Ad-Hoc|x64.Build.0 = Release|Any CPU
		{16F3C593-0F33-458E-802B-6E0A47123C30}.Ad-Hoc|x64.Deploy.0 = Release|Any CPU
		{16F3C593-0F33-458E-802B-6E0A47123C30}.Ad-Hoc|x86.ActiveCfg = Release|Any CPU
		{16F3C593-0F33-458E-802B-6E0A47123C30}.Ad-Hoc|x86.Build.0 = Release|Any CPU
		{16F3C593-0F33-458E-802B-6E0A47123C30}.Ad-Hoc|x86.Deploy.0 = Release|Any CPU
		{16F3C593-0F33-458E-802B-6E0A47123C30}.AppStore|Any CPU.ActiveCfg = Release|Any CPU
		{16F3C593-0F33-458E-802B-6E0A47123C30}.AppStore|Any CPU.Build.0 = Release|Any CPU
		{16F3C593-0F33-458E-802B-6E0A47123C30}.AppStore|Any CPU.Deploy.0 = Release|Any CPU
		{16F3C593-0F33-458E-802B-6E0A47123C30}.AppStore|ARM.ActiveCfg = Release|Any CPU
		{16F3C593-0F33-458E-802B-6E0A47123C30}.AppStore|ARM.Build.0 = Release|Any CPU
		{16F3C593-0F33-458E-802B-6E0A47123C30}.AppStore|ARM.Deploy.0 = Release|Any CPU
		{16F3C593-0F33-458E-802B-6E0A47123C30}.AppStore|iPhone.ActiveCfg = Release|Any CPU
		{16F3C593-0F33-458E-802B-6E0A47123C30}.AppStore|iPhone.Build.0 = Release|Any CPU
		{16F3C593-0F33-458E-802B-6E0A47123C30}.AppStore|iPhone.Deploy.0 = Release|Any CPU
		{16F3C593-0F33-458E-802B-6E0A47123C30}.AppStore|iPhoneSimulator.ActiveCfg = Release|Any CPU
		{16F3C593-0F33-458E-802B-6E0A47123C30}.AppStore|iPhoneSimulator.Build.0 = Release|Any CPU
		{16F3C593-0F33-458E-802B-6E0A47123C30}.AppStore|iPhoneSimulator.Deploy.0 = Release|Any CPU
		{16F3C593-0F33-458E-802B-6E0A47123C30}.AppStore|x64.ActiveCfg = Release|Any CPU
		{16F3C593-0F33-458E-802B-6E0A47123C30}.AppStore|x64.Build.0 = Release|Any CPU
		{16F3C593-0F33-458E-802B-6E0A47123C30}.AppStore|x64.Deploy.0 = Release|Any CPU
		{16F3C593-0F33-458E-802B-6E0A47123C30}.AppStore|x86.ActiveCfg = Release|Any CPU
		{16F3C593-0F33-458E-802B-6E0A47123C30}.AppStore|x86.Build.0 = Release|Any CPU
		{16F3C593-0F33-458E-802B-6E0A47123C30}.AppStore|x86.Deploy.0 = Release|Any CPU
		{16F3C593-0F33-458E-802B-6E0A47123C30}.Debug|Any CPU.ActiveCfg = Debug|Any CPU
		{16F3C593-0F33-458E-802B-6E0A47123C30}.Debug|Any CPU.Build.0 = Debug|Any CPU
		{16F3C593-0F33-458E-802B-6E0A47123C30}.Debug|Any CPU.Deploy.0 = Debug|Any CPU
		{16F3C593-0F33-458E-802B-6E0A47123C30}.Debug|ARM.ActiveCfg = Debug|Any CPU
		{16F3C593-0F33-458E-802B-6E0A47123C30}.Debug|ARM.Build.0 = Debug|Any CPU
		{16F3C593-0F33-458E-802B-6E0A47123C30}.Debug|ARM.Deploy.0 = Debug|Any CPU
		{16F3C593-0F33-458E-802B-6E0A47123C30}.Debug|iPhone.ActiveCfg = Debug|Any CPU
		{16F3C593-0F33-458E-802B-6E0A47123C30}.Debug|iPhone.Build.0 = Debug|Any CPU
		{16F3C593-0F33-458E-802B-6E0A47123C30}.Debug|iPhone.Deploy.0 = Debug|Any CPU
		{16F3C593-0F33-458E-802B-6E0A47123C30}.Debug|iPhoneSimulator.ActiveCfg = Debug|Any CPU
		{16F3C593-0F33-458E-802B-6E0A47123C30}.Debug|iPhoneSimulator.Build.0 = Debug|Any CPU
		{16F3C593-0F33-458E-802B-6E0A47123C30}.Debug|iPhoneSimulator.Deploy.0 = Debug|Any CPU
		{16F3C593-0F33-458E-802B-6E0A47123C30}.Debug|x64.ActiveCfg = Debug|Any CPU
		{16F3C593-0F33-458E-802B-6E0A47123C30}.Debug|x64.Build.0 = Debug|Any CPU
		{16F3C593-0F33-458E-802B-6E0A47123C30}.Debug|x64.Deploy.0 = Debug|Any CPU
		{16F3C593-0F33-458E-802B-6E0A47123C30}.Debug|x86.ActiveCfg = Debug|Any CPU
		{16F3C593-0F33-458E-802B-6E0A47123C30}.Debug|x86.Build.0 = Debug|Any CPU
		{16F3C593-0F33-458E-802B-6E0A47123C30}.Debug|x86.Deploy.0 = Debug|Any CPU
		{16F3C593-0F33-458E-802B-6E0A47123C30}.Release|Any CPU.ActiveCfg = Release|Any CPU
		{16F3C593-0F33-458E-802B-6E0A47123C30}.Release|Any CPU.Build.0 = Release|Any CPU
		{16F3C593-0F33-458E-802B-6E0A47123C30}.Release|Any CPU.Deploy.0 = Release|Any CPU
		{16F3C593-0F33-458E-802B-6E0A47123C30}.Release|ARM.ActiveCfg = Release|Any CPU
		{16F3C593-0F33-458E-802B-6E0A47123C30}.Release|ARM.Build.0 = Release|Any CPU
		{16F3C593-0F33-458E-802B-6E0A47123C30}.Release|ARM.Deploy.0 = Release|Any CPU
		{16F3C593-0F33-458E-802B-6E0A47123C30}.Release|iPhone.ActiveCfg = Release|Any CPU
		{16F3C593-0F33-458E-802B-6E0A47123C30}.Release|iPhone.Build.0 = Release|Any CPU
		{16F3C593-0F33-458E-802B-6E0A47123C30}.Release|iPhone.Deploy.0 = Release|Any CPU
		{16F3C593-0F33-458E-802B-6E0A47123C30}.Release|iPhoneSimulator.ActiveCfg = Release|Any CPU
		{16F3C593-0F33-458E-802B-6E0A47123C30}.Release|iPhoneSimulator.Build.0 = Release|Any CPU
		{16F3C593-0F33-458E-802B-6E0A47123C30}.Release|iPhoneSimulator.Deploy.0 = Release|Any CPU
		{16F3C593-0F33-458E-802B-6E0A47123C30}.Release|x64.ActiveCfg = Release|Any CPU
		{16F3C593-0F33-458E-802B-6E0A47123C30}.Release|x64.Build.0 = Release|Any CPU
		{16F3C593-0F33-458E-802B-6E0A47123C30}.Release|x64.Deploy.0 = Release|Any CPU
		{16F3C593-0F33-458E-802B-6E0A47123C30}.Release|x86.ActiveCfg = Release|Any CPU
		{16F3C593-0F33-458E-802B-6E0A47123C30}.Release|x86.Build.0 = Release|Any CPU
		{16F3C593-0F33-458E-802B-6E0A47123C30}.Release|x86.Deploy.0 = Release|Any CPU
		{7A5771A6-11A6-4989-99CA-C94B1F34477B}.Ad-Hoc|Any CPU.ActiveCfg = Debug|Any CPU
		{7A5771A6-11A6-4989-99CA-C94B1F34477B}.Ad-Hoc|Any CPU.Build.0 = Debug|Any CPU
		{7A5771A6-11A6-4989-99CA-C94B1F34477B}.Ad-Hoc|Any CPU.Deploy.0 = Debug|Any CPU
		{7A5771A6-11A6-4989-99CA-C94B1F34477B}.Ad-Hoc|ARM.ActiveCfg = Debug|Any CPU
		{7A5771A6-11A6-4989-99CA-C94B1F34477B}.Ad-Hoc|ARM.Build.0 = Debug|Any CPU
		{7A5771A6-11A6-4989-99CA-C94B1F34477B}.Ad-Hoc|ARM.Deploy.0 = Debug|Any CPU
		{7A5771A6-11A6-4989-99CA-C94B1F34477B}.Ad-Hoc|iPhone.ActiveCfg = Debug|Any CPU
		{7A5771A6-11A6-4989-99CA-C94B1F34477B}.Ad-Hoc|iPhone.Build.0 = Debug|Any CPU
		{7A5771A6-11A6-4989-99CA-C94B1F34477B}.Ad-Hoc|iPhone.Deploy.0 = Debug|Any CPU
		{7A5771A6-11A6-4989-99CA-C94B1F34477B}.Ad-Hoc|iPhoneSimulator.ActiveCfg = Debug|Any CPU
		{7A5771A6-11A6-4989-99CA-C94B1F34477B}.Ad-Hoc|iPhoneSimulator.Build.0 = Debug|Any CPU
		{7A5771A6-11A6-4989-99CA-C94B1F34477B}.Ad-Hoc|iPhoneSimulator.Deploy.0 = Debug|Any CPU
		{7A5771A6-11A6-4989-99CA-C94B1F34477B}.Ad-Hoc|x64.ActiveCfg = Debug|Any CPU
		{7A5771A6-11A6-4989-99CA-C94B1F34477B}.Ad-Hoc|x64.Build.0 = Debug|Any CPU
		{7A5771A6-11A6-4989-99CA-C94B1F34477B}.Ad-Hoc|x64.Deploy.0 = Debug|Any CPU
		{7A5771A6-11A6-4989-99CA-C94B1F34477B}.Ad-Hoc|x86.ActiveCfg = Debug|Any CPU
		{7A5771A6-11A6-4989-99CA-C94B1F34477B}.Ad-Hoc|x86.Build.0 = Debug|Any CPU
		{7A5771A6-11A6-4989-99CA-C94B1F34477B}.Ad-Hoc|x86.Deploy.0 = Debug|Any CPU
		{7A5771A6-11A6-4989-99CA-C94B1F34477B}.AppStore|Any CPU.ActiveCfg = Debug|Any CPU
		{7A5771A6-11A6-4989-99CA-C94B1F34477B}.AppStore|Any CPU.Build.0 = Debug|Any CPU
		{7A5771A6-11A6-4989-99CA-C94B1F34477B}.AppStore|Any CPU.Deploy.0 = Debug|Any CPU
		{7A5771A6-11A6-4989-99CA-C94B1F34477B}.AppStore|ARM.ActiveCfg = Debug|Any CPU
		{7A5771A6-11A6-4989-99CA-C94B1F34477B}.AppStore|ARM.Build.0 = Debug|Any CPU
		{7A5771A6-11A6-4989-99CA-C94B1F34477B}.AppStore|ARM.Deploy.0 = Debug|Any CPU
		{7A5771A6-11A6-4989-99CA-C94B1F34477B}.AppStore|iPhone.ActiveCfg = Debug|Any CPU
		{7A5771A6-11A6-4989-99CA-C94B1F34477B}.AppStore|iPhone.Build.0 = Debug|Any CPU
		{7A5771A6-11A6-4989-99CA-C94B1F34477B}.AppStore|iPhone.Deploy.0 = Debug|Any CPU
		{7A5771A6-11A6-4989-99CA-C94B1F34477B}.AppStore|iPhoneSimulator.ActiveCfg = Debug|Any CPU
		{7A5771A6-11A6-4989-99CA-C94B1F34477B}.AppStore|iPhoneSimulator.Build.0 = Debug|Any CPU
		{7A5771A6-11A6-4989-99CA-C94B1F34477B}.AppStore|iPhoneSimulator.Deploy.0 = Debug|Any CPU
		{7A5771A6-11A6-4989-99CA-C94B1F34477B}.AppStore|x64.ActiveCfg = Debug|Any CPU
		{7A5771A6-11A6-4989-99CA-C94B1F34477B}.AppStore|x64.Build.0 = Debug|Any CPU
		{7A5771A6-11A6-4989-99CA-C94B1F34477B}.AppStore|x64.Deploy.0 = Debug|Any CPU
		{7A5771A6-11A6-4989-99CA-C94B1F34477B}.AppStore|x86.ActiveCfg = Debug|Any CPU
		{7A5771A6-11A6-4989-99CA-C94B1F34477B}.AppStore|x86.Build.0 = Debug|Any CPU
		{7A5771A6-11A6-4989-99CA-C94B1F34477B}.AppStore|x86.Deploy.0 = Debug|Any CPU
		{7A5771A6-11A6-4989-99CA-C94B1F34477B}.Debug|Any CPU.ActiveCfg = Debug|Any CPU
		{7A5771A6-11A6-4989-99CA-C94B1F34477B}.Debug|Any CPU.Build.0 = Debug|Any CPU
		{7A5771A6-11A6-4989-99CA-C94B1F34477B}.Debug|Any CPU.Deploy.0 = Debug|Any CPU
		{7A5771A6-11A6-4989-99CA-C94B1F34477B}.Debug|ARM.ActiveCfg = Debug|Any CPU
		{7A5771A6-11A6-4989-99CA-C94B1F34477B}.Debug|ARM.Build.0 = Debug|Any CPU
		{7A5771A6-11A6-4989-99CA-C94B1F34477B}.Debug|ARM.Deploy.0 = Debug|Any CPU
		{7A5771A6-11A6-4989-99CA-C94B1F34477B}.Debug|iPhone.ActiveCfg = Debug|Any CPU
		{7A5771A6-11A6-4989-99CA-C94B1F34477B}.Debug|iPhone.Build.0 = Debug|Any CPU
		{7A5771A6-11A6-4989-99CA-C94B1F34477B}.Debug|iPhone.Deploy.0 = Debug|Any CPU
		{7A5771A6-11A6-4989-99CA-C94B1F34477B}.Debug|iPhoneSimulator.ActiveCfg = Debug|Any CPU
		{7A5771A6-11A6-4989-99CA-C94B1F34477B}.Debug|iPhoneSimulator.Build.0 = Debug|Any CPU
		{7A5771A6-11A6-4989-99CA-C94B1F34477B}.Debug|iPhoneSimulator.Deploy.0 = Debug|Any CPU
		{7A5771A6-11A6-4989-99CA-C94B1F34477B}.Debug|x64.ActiveCfg = Debug|Any CPU
		{7A5771A6-11A6-4989-99CA-C94B1F34477B}.Debug|x64.Build.0 = Debug|Any CPU
		{7A5771A6-11A6-4989-99CA-C94B1F34477B}.Debug|x64.Deploy.0 = Debug|Any CPU
		{7A5771A6-11A6-4989-99CA-C94B1F34477B}.Debug|x86.ActiveCfg = Debug|Any CPU
		{7A5771A6-11A6-4989-99CA-C94B1F34477B}.Debug|x86.Build.0 = Debug|Any CPU
		{7A5771A6-11A6-4989-99CA-C94B1F34477B}.Debug|x86.Deploy.0 = Debug|Any CPU
		{7A5771A6-11A6-4989-99CA-C94B1F34477B}.Release|Any CPU.ActiveCfg = Release|Any CPU
		{7A5771A6-11A6-4989-99CA-C94B1F34477B}.Release|Any CPU.Build.0 = Release|Any CPU
		{7A5771A6-11A6-4989-99CA-C94B1F34477B}.Release|Any CPU.Deploy.0 = Release|Any CPU
		{7A5771A6-11A6-4989-99CA-C94B1F34477B}.Release|ARM.ActiveCfg = Release|Any CPU
		{7A5771A6-11A6-4989-99CA-C94B1F34477B}.Release|ARM.Build.0 = Release|Any CPU
		{7A5771A6-11A6-4989-99CA-C94B1F34477B}.Release|ARM.Deploy.0 = Release|Any CPU
		{7A5771A6-11A6-4989-99CA-C94B1F34477B}.Release|iPhone.ActiveCfg = Release|Any CPU
		{7A5771A6-11A6-4989-99CA-C94B1F34477B}.Release|iPhone.Build.0 = Release|Any CPU
		{7A5771A6-11A6-4989-99CA-C94B1F34477B}.Release|iPhone.Deploy.0 = Release|Any CPU
		{7A5771A6-11A6-4989-99CA-C94B1F34477B}.Release|iPhoneSimulator.ActiveCfg = Release|Any CPU
		{7A5771A6-11A6-4989-99CA-C94B1F34477B}.Release|iPhoneSimulator.Build.0 = Release|Any CPU
		{7A5771A6-11A6-4989-99CA-C94B1F34477B}.Release|iPhoneSimulator.Deploy.0 = Release|Any CPU
		{7A5771A6-11A6-4989-99CA-C94B1F34477B}.Release|x64.ActiveCfg = Release|Any CPU
		{7A5771A6-11A6-4989-99CA-C94B1F34477B}.Release|x64.Build.0 = Release|Any CPU
		{7A5771A6-11A6-4989-99CA-C94B1F34477B}.Release|x64.Deploy.0 = Release|Any CPU
		{7A5771A6-11A6-4989-99CA-C94B1F34477B}.Release|x86.ActiveCfg = Release|Any CPU
		{7A5771A6-11A6-4989-99CA-C94B1F34477B}.Release|x86.Build.0 = Release|Any CPU
		{7A5771A6-11A6-4989-99CA-C94B1F34477B}.Release|x86.Deploy.0 = Release|Any CPU
		{169FAC4E-972F-4284-981C-A6A7D96A8E86}.Ad-Hoc|Any CPU.ActiveCfg = Release|Any CPU
		{169FAC4E-972F-4284-981C-A6A7D96A8E86}.Ad-Hoc|Any CPU.Build.0 = Release|Any CPU
		{169FAC4E-972F-4284-981C-A6A7D96A8E86}.Ad-Hoc|ARM.ActiveCfg = Release|Any CPU
		{169FAC4E-972F-4284-981C-A6A7D96A8E86}.Ad-Hoc|ARM.Build.0 = Release|Any CPU
		{169FAC4E-972F-4284-981C-A6A7D96A8E86}.Ad-Hoc|iPhone.ActiveCfg = Release|Any CPU
		{169FAC4E-972F-4284-981C-A6A7D96A8E86}.Ad-Hoc|iPhone.Build.0 = Release|Any CPU
		{169FAC4E-972F-4284-981C-A6A7D96A8E86}.Ad-Hoc|iPhoneSimulator.ActiveCfg = Release|Any CPU
		{169FAC4E-972F-4284-981C-A6A7D96A8E86}.Ad-Hoc|iPhoneSimulator.Build.0 = Release|Any CPU
		{169FAC4E-972F-4284-981C-A6A7D96A8E86}.Ad-Hoc|x64.ActiveCfg = Release|Any CPU
		{169FAC4E-972F-4284-981C-A6A7D96A8E86}.Ad-Hoc|x64.Build.0 = Release|Any CPU
		{169FAC4E-972F-4284-981C-A6A7D96A8E86}.Ad-Hoc|x86.ActiveCfg = Release|Any CPU
		{169FAC4E-972F-4284-981C-A6A7D96A8E86}.Ad-Hoc|x86.Build.0 = Release|Any CPU
		{169FAC4E-972F-4284-981C-A6A7D96A8E86}.AppStore|Any CPU.ActiveCfg = Release|Any CPU
		{169FAC4E-972F-4284-981C-A6A7D96A8E86}.AppStore|Any CPU.Build.0 = Release|Any CPU
		{169FAC4E-972F-4284-981C-A6A7D96A8E86}.AppStore|ARM.ActiveCfg = Release|Any CPU
		{169FAC4E-972F-4284-981C-A6A7D96A8E86}.AppStore|ARM.Build.0 = Release|Any CPU
		{169FAC4E-972F-4284-981C-A6A7D96A8E86}.AppStore|iPhone.ActiveCfg = Release|Any CPU
		{169FAC4E-972F-4284-981C-A6A7D96A8E86}.AppStore|iPhone.Build.0 = Release|Any CPU
		{169FAC4E-972F-4284-981C-A6A7D96A8E86}.AppStore|iPhoneSimulator.ActiveCfg = Release|Any CPU
		{169FAC4E-972F-4284-981C-A6A7D96A8E86}.AppStore|iPhoneSimulator.Build.0 = Release|Any CPU
		{169FAC4E-972F-4284-981C-A6A7D96A8E86}.AppStore|x64.ActiveCfg = Release|Any CPU
		{169FAC4E-972F-4284-981C-A6A7D96A8E86}.AppStore|x64.Build.0 = Release|Any CPU
		{169FAC4E-972F-4284-981C-A6A7D96A8E86}.AppStore|x86.ActiveCfg = Release|Any CPU
		{169FAC4E-972F-4284-981C-A6A7D96A8E86}.AppStore|x86.Build.0 = Release|Any CPU
		{169FAC4E-972F-4284-981C-A6A7D96A8E86}.Debug|Any CPU.ActiveCfg = Debug|Any CPU
		{169FAC4E-972F-4284-981C-A6A7D96A8E86}.Debug|Any CPU.Build.0 = Debug|Any CPU
		{169FAC4E-972F-4284-981C-A6A7D96A8E86}.Debug|ARM.ActiveCfg = Debug|Any CPU
		{169FAC4E-972F-4284-981C-A6A7D96A8E86}.Debug|ARM.Build.0 = Debug|Any CPU
		{169FAC4E-972F-4284-981C-A6A7D96A8E86}.Debug|iPhone.ActiveCfg = Debug|Any CPU
		{169FAC4E-972F-4284-981C-A6A7D96A8E86}.Debug|iPhone.Build.0 = Debug|Any CPU
		{169FAC4E-972F-4284-981C-A6A7D96A8E86}.Debug|iPhoneSimulator.ActiveCfg = Debug|Any CPU
		{169FAC4E-972F-4284-981C-A6A7D96A8E86}.Debug|iPhoneSimulator.Build.0 = Debug|Any CPU
		{169FAC4E-972F-4284-981C-A6A7D96A8E86}.Debug|x64.ActiveCfg = Debug|Any CPU
		{169FAC4E-972F-4284-981C-A6A7D96A8E86}.Debug|x64.Build.0 = Debug|Any CPU
		{169FAC4E-972F-4284-981C-A6A7D96A8E86}.Debug|x86.ActiveCfg = Debug|Any CPU
		{169FAC4E-972F-4284-981C-A6A7D96A8E86}.Debug|x86.Build.0 = Debug|Any CPU
		{169FAC4E-972F-4284-981C-A6A7D96A8E86}.Release|Any CPU.ActiveCfg = Release|Any CPU
		{169FAC4E-972F-4284-981C-A6A7D96A8E86}.Release|Any CPU.Build.0 = Release|Any CPU
		{169FAC4E-972F-4284-981C-A6A7D96A8E86}.Release|ARM.ActiveCfg = Release|Any CPU
		{169FAC4E-972F-4284-981C-A6A7D96A8E86}.Release|ARM.Build.0 = Release|Any CPU
		{169FAC4E-972F-4284-981C-A6A7D96A8E86}.Release|iPhone.ActiveCfg = Release|Any CPU
		{169FAC4E-972F-4284-981C-A6A7D96A8E86}.Release|iPhone.Build.0 = Release|Any CPU
		{169FAC4E-972F-4284-981C-A6A7D96A8E86}.Release|iPhoneSimulator.ActiveCfg = Release|Any CPU
		{169FAC4E-972F-4284-981C-A6A7D96A8E86}.Release|iPhoneSimulator.Build.0 = Release|Any CPU
		{169FAC4E-972F-4284-981C-A6A7D96A8E86}.Release|x64.ActiveCfg = Release|Any CPU
		{169FAC4E-972F-4284-981C-A6A7D96A8E86}.Release|x64.Build.0 = Release|Any CPU
		{169FAC4E-972F-4284-981C-A6A7D96A8E86}.Release|x86.ActiveCfg = Release|Any CPU
		{169FAC4E-972F-4284-981C-A6A7D96A8E86}.Release|x86.Build.0 = Release|Any CPU
		{5A2BEB9C-8E11-4B42-8932-58E978ED50E8}.Ad-Hoc|Any CPU.ActiveCfg = Release|Any CPU
		{5A2BEB9C-8E11-4B42-8932-58E978ED50E8}.Ad-Hoc|Any CPU.Build.0 = Release|Any CPU
		{5A2BEB9C-8E11-4B42-8932-58E978ED50E8}.Ad-Hoc|ARM.ActiveCfg = Release|Any CPU
		{5A2BEB9C-8E11-4B42-8932-58E978ED50E8}.Ad-Hoc|ARM.Build.0 = Release|Any CPU
		{5A2BEB9C-8E11-4B42-8932-58E978ED50E8}.Ad-Hoc|iPhone.ActiveCfg = Release|Any CPU
		{5A2BEB9C-8E11-4B42-8932-58E978ED50E8}.Ad-Hoc|iPhone.Build.0 = Release|Any CPU
		{5A2BEB9C-8E11-4B42-8932-58E978ED50E8}.Ad-Hoc|iPhoneSimulator.ActiveCfg = Release|Any CPU
		{5A2BEB9C-8E11-4B42-8932-58E978ED50E8}.Ad-Hoc|iPhoneSimulator.Build.0 = Release|Any CPU
		{5A2BEB9C-8E11-4B42-8932-58E978ED50E8}.Ad-Hoc|x64.ActiveCfg = Release|Any CPU
		{5A2BEB9C-8E11-4B42-8932-58E978ED50E8}.Ad-Hoc|x64.Build.0 = Release|Any CPU
		{5A2BEB9C-8E11-4B42-8932-58E978ED50E8}.Ad-Hoc|x86.ActiveCfg = Release|Any CPU
		{5A2BEB9C-8E11-4B42-8932-58E978ED50E8}.Ad-Hoc|x86.Build.0 = Release|Any CPU
		{5A2BEB9C-8E11-4B42-8932-58E978ED50E8}.AppStore|Any CPU.ActiveCfg = Release|Any CPU
		{5A2BEB9C-8E11-4B42-8932-58E978ED50E8}.AppStore|Any CPU.Build.0 = Release|Any CPU
		{5A2BEB9C-8E11-4B42-8932-58E978ED50E8}.AppStore|ARM.ActiveCfg = Release|Any CPU
		{5A2BEB9C-8E11-4B42-8932-58E978ED50E8}.AppStore|ARM.Build.0 = Release|Any CPU
		{5A2BEB9C-8E11-4B42-8932-58E978ED50E8}.AppStore|iPhone.ActiveCfg = Release|Any CPU
		{5A2BEB9C-8E11-4B42-8932-58E978ED50E8}.AppStore|iPhone.Build.0 = Release|Any CPU
		{5A2BEB9C-8E11-4B42-8932-58E978ED50E8}.AppStore|iPhoneSimulator.ActiveCfg = Release|Any CPU
		{5A2BEB9C-8E11-4B42-8932-58E978ED50E8}.AppStore|iPhoneSimulator.Build.0 = Release|Any CPU
		{5A2BEB9C-8E11-4B42-8932-58E978ED50E8}.AppStore|x64.ActiveCfg = Release|Any CPU
		{5A2BEB9C-8E11-4B42-8932-58E978ED50E8}.AppStore|x64.Build.0 = Release|Any CPU
		{5A2BEB9C-8E11-4B42-8932-58E978ED50E8}.AppStore|x86.ActiveCfg = Release|Any CPU
		{5A2BEB9C-8E11-4B42-8932-58E978ED50E8}.AppStore|x86.Build.0 = Release|Any CPU
		{5A2BEB9C-8E11-4B42-8932-58E978ED50E8}.Debug|Any CPU.ActiveCfg = Debug|Any CPU
		{5A2BEB9C-8E11-4B42-8932-58E978ED50E8}.Debug|Any CPU.Build.0 = Debug|Any CPU
		{5A2BEB9C-8E11-4B42-8932-58E978ED50E8}.Debug|ARM.ActiveCfg = Debug|Any CPU
		{5A2BEB9C-8E11-4B42-8932-58E978ED50E8}.Debug|ARM.Build.0 = Debug|Any CPU
		{5A2BEB9C-8E11-4B42-8932-58E978ED50E8}.Debug|iPhone.ActiveCfg = Debug|Any CPU
		{5A2BEB9C-8E11-4B42-8932-58E978ED50E8}.Debug|iPhone.Build.0 = Debug|Any CPU
		{5A2BEB9C-8E11-4B42-8932-58E978ED50E8}.Debug|iPhoneSimulator.ActiveCfg = Debug|Any CPU
		{5A2BEB9C-8E11-4B42-8932-58E978ED50E8}.Debug|iPhoneSimulator.Build.0 = Debug|Any CPU
		{5A2BEB9C-8E11-4B42-8932-58E978ED50E8}.Debug|x64.ActiveCfg = Debug|Any CPU
		{5A2BEB9C-8E11-4B42-8932-58E978ED50E8}.Debug|x64.Build.0 = Debug|Any CPU
		{5A2BEB9C-8E11-4B42-8932-58E978ED50E8}.Debug|x86.ActiveCfg = Debug|Any CPU
		{5A2BEB9C-8E11-4B42-8932-58E978ED50E8}.Debug|x86.Build.0 = Debug|Any CPU
		{5A2BEB9C-8E11-4B42-8932-58E978ED50E8}.Release|Any CPU.ActiveCfg = Release|Any CPU
		{5A2BEB9C-8E11-4B42-8932-58E978ED50E8}.Release|Any CPU.Build.0 = Release|Any CPU
		{5A2BEB9C-8E11-4B42-8932-58E978ED50E8}.Release|ARM.ActiveCfg = Release|Any CPU
		{5A2BEB9C-8E11-4B42-8932-58E978ED50E8}.Release|ARM.Build.0 = Release|Any CPU
		{5A2BEB9C-8E11-4B42-8932-58E978ED50E8}.Release|iPhone.ActiveCfg = Release|Any CPU
		{5A2BEB9C-8E11-4B42-8932-58E978ED50E8}.Release|iPhone.Build.0 = Release|Any CPU
		{5A2BEB9C-8E11-4B42-8932-58E978ED50E8}.Release|iPhoneSimulator.ActiveCfg = Release|Any CPU
		{5A2BEB9C-8E11-4B42-8932-58E978ED50E8}.Release|iPhoneSimulator.Build.0 = Release|Any CPU
		{5A2BEB9C-8E11-4B42-8932-58E978ED50E8}.Release|x64.ActiveCfg = Release|Any CPU
		{5A2BEB9C-8E11-4B42-8932-58E978ED50E8}.Release|x64.Build.0 = Release|Any CPU
		{5A2BEB9C-8E11-4B42-8932-58E978ED50E8}.Release|x86.ActiveCfg = Release|Any CPU
		{5A2BEB9C-8E11-4B42-8932-58E978ED50E8}.Release|x86.Build.0 = Release|Any CPU
		{725F07CB-F77E-40AE-B05A-C883EE4FC756}.Ad-Hoc|Any CPU.ActiveCfg = Ad-Hoc|iPhone
		{725F07CB-F77E-40AE-B05A-C883EE4FC756}.Ad-Hoc|Any CPU.Build.0 = Ad-Hoc|iPhone
		{725F07CB-F77E-40AE-B05A-C883EE4FC756}.Ad-Hoc|Any CPU.Deploy.0 = Ad-Hoc|iPhone
		{725F07CB-F77E-40AE-B05A-C883EE4FC756}.Ad-Hoc|ARM.ActiveCfg = Ad-Hoc|iPhone
		{725F07CB-F77E-40AE-B05A-C883EE4FC756}.Ad-Hoc|ARM.Build.0 = Ad-Hoc|iPhone
		{725F07CB-F77E-40AE-B05A-C883EE4FC756}.Ad-Hoc|ARM.Deploy.0 = Ad-Hoc|iPhone
		{725F07CB-F77E-40AE-B05A-C883EE4FC756}.Ad-Hoc|iPhone.ActiveCfg = Ad-Hoc|iPhone
		{725F07CB-F77E-40AE-B05A-C883EE4FC756}.Ad-Hoc|iPhone.Build.0 = Ad-Hoc|iPhone
		{725F07CB-F77E-40AE-B05A-C883EE4FC756}.Ad-Hoc|iPhone.Deploy.0 = Ad-Hoc|iPhone
		{725F07CB-F77E-40AE-B05A-C883EE4FC756}.Ad-Hoc|iPhoneSimulator.ActiveCfg = Ad-Hoc|iPhoneSimulator
		{725F07CB-F77E-40AE-B05A-C883EE4FC756}.Ad-Hoc|iPhoneSimulator.Build.0 = Ad-Hoc|iPhoneSimulator
		{725F07CB-F77E-40AE-B05A-C883EE4FC756}.Ad-Hoc|iPhoneSimulator.Deploy.0 = Ad-Hoc|iPhoneSimulator
		{725F07CB-F77E-40AE-B05A-C883EE4FC756}.Ad-Hoc|x64.ActiveCfg = Ad-Hoc|iPhone
		{725F07CB-F77E-40AE-B05A-C883EE4FC756}.Ad-Hoc|x64.Build.0 = Ad-Hoc|iPhone
		{725F07CB-F77E-40AE-B05A-C883EE4FC756}.Ad-Hoc|x64.Deploy.0 = Ad-Hoc|iPhone
		{725F07CB-F77E-40AE-B05A-C883EE4FC756}.Ad-Hoc|x86.ActiveCfg = Ad-Hoc|iPhone
		{725F07CB-F77E-40AE-B05A-C883EE4FC756}.Ad-Hoc|x86.Build.0 = Ad-Hoc|iPhone
		{725F07CB-F77E-40AE-B05A-C883EE4FC756}.Ad-Hoc|x86.Deploy.0 = Ad-Hoc|iPhone
		{725F07CB-F77E-40AE-B05A-C883EE4FC756}.AppStore|Any CPU.ActiveCfg = AppStore|iPhone
		{725F07CB-F77E-40AE-B05A-C883EE4FC756}.AppStore|Any CPU.Build.0 = AppStore|iPhone
		{725F07CB-F77E-40AE-B05A-C883EE4FC756}.AppStore|Any CPU.Deploy.0 = AppStore|iPhone
		{725F07CB-F77E-40AE-B05A-C883EE4FC756}.AppStore|ARM.ActiveCfg = AppStore|iPhone
		{725F07CB-F77E-40AE-B05A-C883EE4FC756}.AppStore|ARM.Build.0 = AppStore|iPhone
		{725F07CB-F77E-40AE-B05A-C883EE4FC756}.AppStore|ARM.Deploy.0 = AppStore|iPhone
		{725F07CB-F77E-40AE-B05A-C883EE4FC756}.AppStore|iPhone.ActiveCfg = AppStore|iPhone
		{725F07CB-F77E-40AE-B05A-C883EE4FC756}.AppStore|iPhone.Build.0 = AppStore|iPhone
		{725F07CB-F77E-40AE-B05A-C883EE4FC756}.AppStore|iPhone.Deploy.0 = AppStore|iPhone
		{725F07CB-F77E-40AE-B05A-C883EE4FC756}.AppStore|iPhoneSimulator.ActiveCfg = AppStore|iPhoneSimulator
		{725F07CB-F77E-40AE-B05A-C883EE4FC756}.AppStore|iPhoneSimulator.Build.0 = AppStore|iPhoneSimulator
		{725F07CB-F77E-40AE-B05A-C883EE4FC756}.AppStore|iPhoneSimulator.Deploy.0 = AppStore|iPhoneSimulator
		{725F07CB-F77E-40AE-B05A-C883EE4FC756}.AppStore|x64.ActiveCfg = AppStore|iPhone
		{725F07CB-F77E-40AE-B05A-C883EE4FC756}.AppStore|x64.Build.0 = AppStore|iPhone
		{725F07CB-F77E-40AE-B05A-C883EE4FC756}.AppStore|x64.Deploy.0 = AppStore|iPhone
		{725F07CB-F77E-40AE-B05A-C883EE4FC756}.AppStore|x86.ActiveCfg = AppStore|iPhone
		{725F07CB-F77E-40AE-B05A-C883EE4FC756}.AppStore|x86.Build.0 = AppStore|iPhone
		{725F07CB-F77E-40AE-B05A-C883EE4FC756}.AppStore|x86.Deploy.0 = AppStore|iPhone
		{725F07CB-F77E-40AE-B05A-C883EE4FC756}.Debug|Any CPU.ActiveCfg = AppStore|iPhone
		{725F07CB-F77E-40AE-B05A-C883EE4FC756}.Debug|Any CPU.Build.0 = AppStore|iPhone
		{725F07CB-F77E-40AE-B05A-C883EE4FC756}.Debug|Any CPU.Deploy.0 = AppStore|iPhone
		{725F07CB-F77E-40AE-B05A-C883EE4FC756}.Debug|ARM.ActiveCfg = Debug|iPhone
		{725F07CB-F77E-40AE-B05A-C883EE4FC756}.Debug|ARM.Build.0 = Debug|iPhone
		{725F07CB-F77E-40AE-B05A-C883EE4FC756}.Debug|ARM.Deploy.0 = Debug|iPhone
		{725F07CB-F77E-40AE-B05A-C883EE4FC756}.Debug|iPhone.ActiveCfg = Debug|iPhone
		{725F07CB-F77E-40AE-B05A-C883EE4FC756}.Debug|iPhone.Build.0 = Debug|iPhone
		{725F07CB-F77E-40AE-B05A-C883EE4FC756}.Debug|iPhone.Deploy.0 = Debug|iPhone
		{725F07CB-F77E-40AE-B05A-C883EE4FC756}.Debug|iPhoneSimulator.ActiveCfg = Debug|iPhoneSimulator
		{725F07CB-F77E-40AE-B05A-C883EE4FC756}.Debug|iPhoneSimulator.Build.0 = Debug|iPhoneSimulator
		{725F07CB-F77E-40AE-B05A-C883EE4FC756}.Debug|iPhoneSimulator.Deploy.0 = Debug|iPhoneSimulator
		{725F07CB-F77E-40AE-B05A-C883EE4FC756}.Debug|x64.ActiveCfg = Debug|iPhone
		{725F07CB-F77E-40AE-B05A-C883EE4FC756}.Debug|x64.Build.0 = Debug|iPhone
		{725F07CB-F77E-40AE-B05A-C883EE4FC756}.Debug|x64.Deploy.0 = Debug|iPhone
		{725F07CB-F77E-40AE-B05A-C883EE4FC756}.Debug|x86.ActiveCfg = Debug|iPhone
		{725F07CB-F77E-40AE-B05A-C883EE4FC756}.Debug|x86.Build.0 = Debug|iPhone
		{725F07CB-F77E-40AE-B05A-C883EE4FC756}.Debug|x86.Deploy.0 = Debug|iPhone
		{725F07CB-F77E-40AE-B05A-C883EE4FC756}.Release|Any CPU.ActiveCfg = Release|iPhone
		{725F07CB-F77E-40AE-B05A-C883EE4FC756}.Release|Any CPU.Build.0 = Release|iPhone
		{725F07CB-F77E-40AE-B05A-C883EE4FC756}.Release|Any CPU.Deploy.0 = Release|iPhone
		{725F07CB-F77E-40AE-B05A-C883EE4FC756}.Release|ARM.ActiveCfg = Release|iPhone
		{725F07CB-F77E-40AE-B05A-C883EE4FC756}.Release|ARM.Build.0 = Release|iPhone
		{725F07CB-F77E-40AE-B05A-C883EE4FC756}.Release|ARM.Deploy.0 = Release|iPhone
		{725F07CB-F77E-40AE-B05A-C883EE4FC756}.Release|iPhone.ActiveCfg = Release|iPhone
		{725F07CB-F77E-40AE-B05A-C883EE4FC756}.Release|iPhone.Build.0 = Release|iPhone
		{725F07CB-F77E-40AE-B05A-C883EE4FC756}.Release|iPhone.Deploy.0 = Release|iPhone
		{725F07CB-F77E-40AE-B05A-C883EE4FC756}.Release|iPhoneSimulator.ActiveCfg = Release|iPhoneSimulator
		{725F07CB-F77E-40AE-B05A-C883EE4FC756}.Release|iPhoneSimulator.Build.0 = Release|iPhoneSimulator
		{725F07CB-F77E-40AE-B05A-C883EE4FC756}.Release|iPhoneSimulator.Deploy.0 = Release|iPhoneSimulator
		{725F07CB-F77E-40AE-B05A-C883EE4FC756}.Release|x64.ActiveCfg = Release|iPhone
		{725F07CB-F77E-40AE-B05A-C883EE4FC756}.Release|x64.Build.0 = Release|iPhone
		{725F07CB-F77E-40AE-B05A-C883EE4FC756}.Release|x64.Deploy.0 = Release|iPhone
		{725F07CB-F77E-40AE-B05A-C883EE4FC756}.Release|x86.ActiveCfg = Release|iPhone
		{725F07CB-F77E-40AE-B05A-C883EE4FC756}.Release|x86.Build.0 = Release|iPhone
		{725F07CB-F77E-40AE-B05A-C883EE4FC756}.Release|x86.Deploy.0 = Release|iPhone
	EndGlobalSection
	GlobalSection(SolutionProperties) = preSolution
		HideSolutionNode = FALSE
	EndGlobalSection
	GlobalSection(ExtensibilityGlobals) = postSolution
		SolutionGuid = {5ACC459C-BDBC-4379-A000-5BF779A36406}
	EndGlobalSection
EndGlobal
